
Microsoft Visual Studio Solution File, Format Version 12.00
# Visual Studio Version 17
VisualStudioVersion = 17.0.32112.339
MinimumVisualStudioVersion = 10.0.40219.1
Project("{9A19103F-16F7-4668-BE54-9A1E7A4F7556}") = "AppointMed.API", "AppointMedMonolith\AppointMed.API.csproj", "{F25E8FAB-359E-46C1-A02E-BDD4307FE1C2}"
EndProject
Project("{9A19103F-16F7-4668-BE54-9A1E7A4F7556}") = "AppointMed.Core", "AppointMed.Core\AppointMed.Core.csproj", "{3C782A0E-8AF1-4BC4-A50D-B75E5FFDBF1F}"
EndProject
Project("{FAE04EC0-301F-11D3-BF4B-00C04F79EFBC}") = "AppointMed.Infrastructure", "AppointMed.Infrastructure\AppointMed.Infrastructure.csproj", "{4D7A428B-6F99-49ED-889A-9041DF4AE9FF}"
EndProject
Global
	GlobalSection(SolutionConfigurationPlatforms) = preSolution
		Debug|Any CPU = Debug|Any CPU
		Release|Any CPU = Release|Any CPU
	EndGlobalSection
	GlobalSection(ProjectConfigurationPlatforms) = postSolution
		{F25E8FAB-359E-46C1-A02E-BDD4307FE1C2}.Debug|Any CPU.ActiveCfg = Debug|Any CPU
		{F25E8FAB-359E-46C1-A02E-BDD4307FE1C2}.Debug|Any CPU.Build.0 = Debug|Any CPU
		{F25E8FAB-359E-46C1-A02E-BDD4307FE1C2}.Release|Any CPU.ActiveCfg = Release|Any CPU
		{F25E8FAB-359E-46C1-A02E-BDD4307FE1C2}.Release|Any CPU.Build.0 = Release|Any CPU
		{3C782A0E-8AF1-4BC4-A50D-B75E5FFDBF1F}.Debug|Any CPU.ActiveCfg = Debug|Any CPU
		{3C782A0E-8AF1-4BC4-A50D-B75E5FFDBF1F}.Debug|Any CPU.Build.0 = Debug|Any CPU
		{3C782A0E-8AF1-4BC4-A50D-B75E5FFDBF1F}.Release|Any CPU.ActiveCfg = Release|Any CPU
		{3C782A0E-8AF1-4BC4-A50D-B75E5FFDBF1F}.Release|Any CPU.Build.0 = Release|Any CPU
		{4D7A428B-6F99-49ED-889A-9041DF4AE9FF}.Debug|Any CPU.ActiveCfg = Debug|Any CPU
		{4D7A428B-6F99-49ED-889A-9041DF4AE9FF}.Debug|Any CPU.Build.0 = Debug|Any CPU
		{4D7A428B-6F99-49ED-889A-9041DF4AE9FF}.Release|Any CPU.ActiveCfg = Release|Any CPU
		{4D7A428B-6F99-49ED-889A-9041DF4AE9FF}.Release|Any CPU.Build.0 = Release|Any CPU
	EndGlobalSection
	GlobalSection(SolutionProperties) = preSolution
		HideSolutionNode = FALSE
	EndGlobalSection
	GlobalSection(ExtensibilityGlobals) = postSolution
		SolutionGuid = {0A654181-E516-4F3E-B786-BEDDE214C41B}
	EndGlobalSection
EndGlobal
